// !$*UTF8*$!
{
	archiveVersion = 1;
	classes = {
	};
	objectVersion = 55;
	objects = {

/* Begin PBXBuildFile section */
		A3E8C77A29AD2FCC00BFDF8E /* DecorativeApp.swift in Sources */ = {isa = PBXBuildFile; fileRef = A3E8C77929AD2FCC00BFDF8E /* DecorativeApp.swift */; };
		A3E8C77C29AD2FCC00BFDF8E /* MenuView.swift in Sources */ = {isa = PBXBuildFile; fileRef = A3E8C77B29AD2FCC00BFDF8E /* MenuView.swift */; };
		A3E8C78129AD2FCF00BFDF8E /* Preview Assets.xcassets in Resources */ = {isa = PBXBuildFile; fileRef = A3E8C78029AD2FCF00BFDF8E /* Preview Assets.xcassets */; };
		A3E8C7A729AE6EA500BFDF8E /* Map.swift in Sources */ = {isa = PBXBuildFile; fileRef = A3E8C7A629AE6EA500BFDF8E /* Map.swift */; };
		A3E8C7A929AE6F1600BFDF8E /* MapView.swift in Sources */ = {isa = PBXBuildFile; fileRef = A3E8C7A829AE6F1600BFDF8E /* MapView.swift */; };
		A3E8C7AB29AE6FB600BFDF8E /* MapExpansionView.swift in Sources */ = {isa = PBXBuildFile; fileRef = A3E8C7AA29AE6FB600BFDF8E /* MapExpansionView.swift */; };
		A3E8C7AF29AE87AA00BFDF8E /* Folder.swift in Sources */ = {isa = PBXBuildFile; fileRef = A3E8C7AC29AE87A900BFDF8E /* Folder.swift */; };
		A3E8C7B129AE87AA00BFDF8E /* File.swift in Sources */ = {isa = PBXBuildFile; fileRef = A3E8C7AE29AE87AA00BFDF8E /* File.swift */; };
		C006CCAF29CB656900DD3DC4 /* GoogleService-Info.plist in Resources */ = {isa = PBXBuildFile; fileRef = C006CCAE29CB656800DD3DC4 /* GoogleService-Info.plist */; };
		C00CE36B29C38190001806A3 /* NewFolderView.swift in Sources */ = {isa = PBXBuildFile; fileRef = C00CE36A29C38190001806A3 /* NewFolderView.swift */; };
		C00CE36D29C3866D001806A3 /* FolderListView.swift in Sources */ = {isa = PBXBuildFile; fileRef = C00CE36C29C3866D001806A3 /* FolderListView.swift */; };
		C00CE36F29C38951001806A3 /* HomeView.swift in Sources */ = {isa = PBXBuildFile; fileRef = C00CE36E29C38951001806A3 /* HomeView.swift */; };
		C012465E29D4B84F00136C75 /* Assets.xcassets in Resources */ = {isa = PBXBuildFile; fileRef = C012465D29D4B84F00136C75 /* Assets.xcassets */; };
		C0B0222229CCCD87006FB86D /* ImagePicker.swift in Sources */ = {isa = PBXBuildFile; fileRef = C0B0222129CCCD87006FB86D /* ImagePicker.swift */; };
		C0B0222429D1F864006FB86D /* ForgotPassword.swift in Sources */ = {isa = PBXBuildFile; fileRef = C0B0222329D1F864006FB86D /* ForgotPassword.swift */; };
		C0B0222629D1FB51006FB86D /* Login.swift in Sources */ = {isa = PBXBuildFile; fileRef = C0B0222529D1FB50006FB86D /* Login.swift */; };
		C0B49B8629C794B4000D245F /* AuthenticationView.swift in Sources */ = {isa = PBXBuildFile; fileRef = C0B49B8529C794B4000D245F /* AuthenticationView.swift */; };
		C0B49B8829C794C7000D245F /* LoginView.swift in Sources */ = {isa = PBXBuildFile; fileRef = C0B49B8729C794C7000D245F /* LoginView.swift */; };
		C0B49B8A29C794DC000D245F /* SignupView.swift in Sources */ = {isa = PBXBuildFile; fileRef = C0B49B8929C794DC000D245F /* SignupView.swift */; };
		C0B49B8C29C7955F000D245F /* UserInfo.swift in Sources */ = {isa = PBXBuildFile; fileRef = C0B49B8B29C7955F000D245F /* UserInfo.swift */; };
		C0BE97FB29B6741100871450 /* SettingsView.swift in Sources */ = {isa = PBXBuildFile; fileRef = C0BE97FA29B6741100871450 /* SettingsView.swift */; };
		C0BE97FD29B8FA4D00871450 /* InsideFolderView.swift in Sources */ = {isa = PBXBuildFile; fileRef = C0BE97FC29B8FA4D00871450 /* InsideFolderView.swift */; };
		C0BE97FF29B8FB1500871450 /* FolderList.swift in Sources */ = {isa = PBXBuildFile; fileRef = C0BE97FE29B8FB1500871450 /* FolderList.swift */; };
		C0BE980129B8FD7C00871450 /* FolderView.swift in Sources */ = {isa = PBXBuildFile; fileRef = C0BE980029B8FD7C00871450 /* FolderView.swift */; };
		C3A24AB97B0E9D8EF5D2A6A1 /* Pods_Decorative.framework in Frameworks */ = {isa = PBXBuildFile; fileRef = 1922E8F80A7BBF1EDCCC89A4 /* Pods_Decorative.framework */; };
/* End PBXBuildFile section */

/* Begin PBXContainerItemProxy section */
		A3E8C78729AD2FD000BFDF8E /* PBXContainerItemProxy */ = {
			isa = PBXContainerItemProxy;
			containerPortal = A3E8C76E29AD2FCC00BFDF8E /* Project object */;
			proxyType = 1;
			remoteGlobalIDString = A3E8C77529AD2FCC00BFDF8E;
			remoteInfo = Decorative;
		};
		A3E8C79129AD2FD000BFDF8E /* PBXContainerItemProxy */ = {
			isa = PBXContainerItemProxy;
			containerPortal = A3E8C76E29AD2FCC00BFDF8E /* Project object */;
			proxyType = 1;
			remoteGlobalIDString = A3E8C77529AD2FCC00BFDF8E;
			remoteInfo = Decorative;
		};
/* End PBXContainerItemProxy section */

/* Begin PBXFileReference section */
		0EDE64463E392BCB5BD2A286 /* Pods-Decorative.release.xcconfig */ = {isa = PBXFileReference; includeInIndex = 1; lastKnownFileType = text.xcconfig; name = "Pods-Decorative.release.xcconfig"; path = "Target Support Files/Pods-Decorative/Pods-Decorative.release.xcconfig"; sourceTree = "<group>"; };
		1922E8F80A7BBF1EDCCC89A4 /* Pods_Decorative.framework */ = {isa = PBXFileReference; explicitFileType = wrapper.framework; includeInIndex = 0; path = Pods_Decorative.framework; sourceTree = BUILT_PRODUCTS_DIR; };
		A3E8C77629AD2FCC00BFDF8E /* Decorative.app */ = {isa = PBXFileReference; explicitFileType = wrapper.application; includeInIndex = 0; path = Decorative.app; sourceTree = BUILT_PRODUCTS_DIR; };
		A3E8C77929AD2FCC00BFDF8E /* DecorativeApp.swift */ = {isa = PBXFileReference; lastKnownFileType = sourcecode.swift; path = DecorativeApp.swift; sourceTree = "<group>"; };
		A3E8C77B29AD2FCC00BFDF8E /* MenuView.swift */ = {isa = PBXFileReference; lastKnownFileType = sourcecode.swift; path = MenuView.swift; sourceTree = "<group>"; };
		A3E8C78029AD2FCF00BFDF8E /* Preview Assets.xcassets */ = {isa = PBXFileReference; lastKnownFileType = folder.assetcatalog; path = "Preview Assets.xcassets"; sourceTree = "<group>"; };
		A3E8C78629AD2FD000BFDF8E /* DecorativeTests.xctest */ = {isa = PBXFileReference; explicitFileType = wrapper.cfbundle; includeInIndex = 0; path = DecorativeTests.xctest; sourceTree = BUILT_PRODUCTS_DIR; };
		A3E8C79029AD2FD000BFDF8E /* DecorativeUITests.xctest */ = {isa = PBXFileReference; explicitFileType = wrapper.cfbundle; includeInIndex = 0; path = DecorativeUITests.xctest; sourceTree = BUILT_PRODUCTS_DIR; };
		A3E8C7A629AE6EA500BFDF8E /* Map.swift */ = {isa = PBXFileReference; lastKnownFileType = sourcecode.swift; path = Map.swift; sourceTree = "<group>"; };
		A3E8C7A829AE6F1600BFDF8E /* MapView.swift */ = {isa = PBXFileReference; lastKnownFileType = sourcecode.swift; path = MapView.swift; sourceTree = "<group>"; };
		A3E8C7AA29AE6FB600BFDF8E /* MapExpansionView.swift */ = {isa = PBXFileReference; lastKnownFileType = sourcecode.swift; path = MapExpansionView.swift; sourceTree = "<group>"; };
		A3E8C7AC29AE87A900BFDF8E /* Folder.swift */ = {isa = PBXFileReference; fileEncoding = 4; lastKnownFileType = sourcecode.swift; path = Folder.swift; sourceTree = "<group>"; };
		A3E8C7AE29AE87AA00BFDF8E /* File.swift */ = {isa = PBXFileReference; fileEncoding = 4; lastKnownFileType = sourcecode.swift; path = File.swift; sourceTree = "<group>"; };
		C006CCAE29CB656800DD3DC4 /* GoogleService-Info.plist */ = {isa = PBXFileReference; fileEncoding = 4; lastKnownFileType = text.plist.xml; path = "GoogleService-Info.plist"; sourceTree = "<group>"; };
		C00CE36A29C38190001806A3 /* NewFolderView.swift */ = {isa = PBXFileReference; lastKnownFileType = sourcecode.swift; path = NewFolderView.swift; sourceTree = "<group>"; };
		C00CE36C29C3866D001806A3 /* FolderListView.swift */ = {isa = PBXFileReference; lastKnownFileType = sourcecode.swift; path = FolderListView.swift; sourceTree = "<group>"; };
		C00CE36E29C38951001806A3 /* HomeView.swift */ = {isa = PBXFileReference; lastKnownFileType = sourcecode.swift; path = HomeView.swift; sourceTree = "<group>"; };
		C012465D29D4B84F00136C75 /* Assets.xcassets */ = {isa = PBXFileReference; lastKnownFileType = folder.assetcatalog; path = Assets.xcassets; sourceTree = "<group>"; };
		C0B0222129CCCD87006FB86D /* ImagePicker.swift */ = {isa = PBXFileReference; fileEncoding = 4; lastKnownFileType = sourcecode.swift; path = ImagePicker.swift; sourceTree = "<group>"; };
		C0B0222329D1F864006FB86D /* ForgotPassword.swift */ = {isa = PBXFileReference; fileEncoding = 4; lastKnownFileType = sourcecode.swift; path = ForgotPassword.swift; sourceTree = "<group>"; };
		C0B0222529D1FB50006FB86D /* Login.swift */ = {isa = PBXFileReference; lastKnownFileType = sourcecode.swift; path = Login.swift; sourceTree = "<group>"; };
		C0B49B8529C794B4000D245F /* AuthenticationView.swift */ = {isa = PBXFileReference; lastKnownFileType = sourcecode.swift; path = AuthenticationView.swift; sourceTree = "<group>"; };
		C0B49B8729C794C7000D245F /* LoginView.swift */ = {isa = PBXFileReference; lastKnownFileType = sourcecode.swift; path = LoginView.swift; sourceTree = "<group>"; };
		C0B49B8929C794DC000D245F /* SignupView.swift */ = {isa = PBXFileReference; lastKnownFileType = sourcecode.swift; path = SignupView.swift; sourceTree = "<group>"; };
		C0B49B8B29C7955F000D245F /* UserInfo.swift */ = {isa = PBXFileReference; lastKnownFileType = sourcecode.swift; path = UserInfo.swift; sourceTree = "<group>"; };
		C0BE97FA29B6741100871450 /* SettingsView.swift */ = {isa = PBXFileReference; lastKnownFileType = sourcecode.swift; path = SettingsView.swift; sourceTree = "<group>"; };
		C0BE97FC29B8FA4D00871450 /* InsideFolderView.swift */ = {isa = PBXFileReference; lastKnownFileType = sourcecode.swift; path = InsideFolderView.swift; sourceTree = "<group>"; };
		C0BE97FE29B8FB1500871450 /* FolderList.swift */ = {isa = PBXFileReference; lastKnownFileType = sourcecode.swift; path = FolderList.swift; sourceTree = "<group>"; };
		C0BE980029B8FD7C00871450 /* FolderView.swift */ = {isa = PBXFileReference; lastKnownFileType = sourcecode.swift; path = FolderView.swift; sourceTree = "<group>"; };
		E29F02A6A3FE59646B6D3AAE /* Pods-Decorative.debug.xcconfig */ = {isa = PBXFileReference; includeInIndex = 1; lastKnownFileType = text.xcconfig; name = "Pods-Decorative.debug.xcconfig"; path = "Target Support Files/Pods-Decorative/Pods-Decorative.debug.xcconfig"; sourceTree = "<group>"; };
/* End PBXFileReference section */

/* Begin PBXFrameworksBuildPhase section */
		A3E8C77329AD2FCC00BFDF8E /* Frameworks */ = {
			isa = PBXFrameworksBuildPhase;
			buildActionMask = 2147483647;
			files = (
				C3A24AB97B0E9D8EF5D2A6A1 /* Pods_Decorative.framework in Frameworks */,
			);
			runOnlyForDeploymentPostprocessing = 0;
		};
		A3E8C78329AD2FD000BFDF8E /* Frameworks */ = {
			isa = PBXFrameworksBuildPhase;
			buildActionMask = 2147483647;
			files = (
			);
			runOnlyForDeploymentPostprocessing = 0;
		};
		A3E8C78D29AD2FD000BFDF8E /* Frameworks */ = {
			isa = PBXFrameworksBuildPhase;
			buildActionMask = 2147483647;
			files = (
			);
			runOnlyForDeploymentPostprocessing = 0;
		};
/* End PBXFrameworksBuildPhase section */

/* Begin PBXGroup section */
		56D66D6E91A659F196FC9C0E /* Pods */ = {
			isa = PBXGroup;
			children = (
				E29F02A6A3FE59646B6D3AAE /* Pods-Decorative.debug.xcconfig */,
				0EDE64463E392BCB5BD2A286 /* Pods-Decorative.release.xcconfig */,
			);
			path = Pods;
			sourceTree = "<group>";
		};
		9DEEF1B975F089703DAE8610 /* Frameworks */ = {
			isa = PBXGroup;
			children = (
				1922E8F80A7BBF1EDCCC89A4 /* Pods_Decorative.framework */,
			);
			name = Frameworks;
			sourceTree = "<group>";
		};
		A3E8C76D29AD2FCC00BFDF8E = {
			isa = PBXGroup;
			children = (
				A3E8C77829AD2FCC00BFDF8E /* Decorative */,
				A3E8C77729AD2FCC00BFDF8E /* Products */,
				56D66D6E91A659F196FC9C0E /* Pods */,
				9DEEF1B975F089703DAE8610 /* Frameworks */,
			);
			sourceTree = "<group>";
		};
		A3E8C77729AD2FCC00BFDF8E /* Products */ = {
			isa = PBXGroup;
			children = (
				A3E8C77629AD2FCC00BFDF8E /* Decorative.app */,
				A3E8C78629AD2FD000BFDF8E /* DecorativeTests.xctest */,
				A3E8C79029AD2FD000BFDF8E /* DecorativeUITests.xctest */,
			);
			name = Products;
			sourceTree = "<group>";
		};
		A3E8C77829AD2FCC00BFDF8E /* Decorative */ = {
			isa = PBXGroup;
			children = (
				C006CCAE29CB656800DD3DC4 /* GoogleService-Info.plist */,
				C0B49B8429C7942C000D245F /* Authentication */,
				A3E8C7A529AE6E9300BFDF8E /* Model */,
				A3E8C7A329AE6E8100BFDF8E /* Views */,
				A3E8C77929AD2FCC00BFDF8E /* DecorativeApp.swift */,
				A3E8C77B29AD2FCC00BFDF8E /* MenuView.swift */,
				C0BE97FA29B6741100871450 /* SettingsView.swift */,
				C012465D29D4B84F00136C75 /* Assets.xcassets */,
				A3E8C77F29AD2FCF00BFDF8E /* Preview Content */,
			);
			path = Decorative;
			sourceTree = "<group>";
		};
		A3E8C77F29AD2FCF00BFDF8E /* Preview Content */ = {
			isa = PBXGroup;
			children = (
				A3E8C78029AD2FCF00BFDF8E /* Preview Assets.xcassets */,
			);
			path = "Preview Content";
			sourceTree = "<group>";
		};
		A3E8C7A329AE6E8100BFDF8E /* Views */ = {
			isa = PBXGroup;
			children = (
				A3E8C7A829AE6F1600BFDF8E /* MapView.swift */,
				A3E8C7AA29AE6FB600BFDF8E /* MapExpansionView.swift */,
				C0BE97FC29B8FA4D00871450 /* InsideFolderView.swift */,
				C00CE36C29C3866D001806A3 /* FolderListView.swift */,
				C0BE980029B8FD7C00871450 /* FolderView.swift */,
				C00CE36A29C38190001806A3 /* NewFolderView.swift */,
				C00CE36E29C38951001806A3 /* HomeView.swift */,
			);
			path = Views;
			sourceTree = "<group>";
		};
		A3E8C7A529AE6E9300BFDF8E /* Model */ = {
			isa = PBXGroup;
			children = (
				C0B0222329D1F864006FB86D /* ForgotPassword.swift */,
				A3E8C7AE29AE87AA00BFDF8E /* File.swift */,
				A3E8C7AC29AE87A900BFDF8E /* Folder.swift */,
				A3E8C7A629AE6EA500BFDF8E /* Map.swift */,
				C0B0222529D1FB50006FB86D /* Login.swift */,
				C0B0222129CCCD87006FB86D /* ImagePicker.swift */,
				C0BE97FE29B8FB1500871450 /* FolderList.swift */,
				C0B49B8B29C7955F000D245F /* UserInfo.swift */,
			);
			path = Model;
			sourceTree = "<group>";
		};
		C0B49B8429C7942C000D245F /* Authentication */ = {
			isa = PBXGroup;
			children = (
				C0B49B8529C794B4000D245F /* AuthenticationView.swift */,
				C0B49B8729C794C7000D245F /* LoginView.swift */,
				C0B49B8929C794DC000D245F /* SignupView.swift */,
			);
			path = Authentication;
			sourceTree = "<group>";
		};
/* End PBXGroup section */

/* Begin PBXNativeTarget section */
		A3E8C77529AD2FCC00BFDF8E /* Decorative */ = {
			isa = PBXNativeTarget;
			buildConfigurationList = A3E8C79A29AD2FD000BFDF8E /* Build configuration list for PBXNativeTarget "Decorative" */;
			buildPhases = (
				801714122B68BCDBC803F194 /* [CP] Check Pods Manifest.lock */,
				A3E8C77229AD2FCC00BFDF8E /* Sources */,
				A3E8C77329AD2FCC00BFDF8E /* Frameworks */,
				A3E8C77429AD2FCC00BFDF8E /* Resources */,
				E5E9C7727791F362957BA2EE /* [CP] Embed Pods Frameworks */,
			);
			buildRules = (
			);
			dependencies = (
			);
			name = Decorative;
			productName = Decorative;
			productReference = A3E8C77629AD2FCC00BFDF8E /* Decorative.app */;
			productType = "com.apple.product-type.application";
		};
		A3E8C78529AD2FD000BFDF8E /* DecorativeTests */ = {
			isa = PBXNativeTarget;
			buildConfigurationList = A3E8C79D29AD2FD000BFDF8E /* Build configuration list for PBXNativeTarget "DecorativeTests" */;
			buildPhases = (
				A3E8C78229AD2FD000BFDF8E /* Sources */,
				A3E8C78329AD2FD000BFDF8E /* Frameworks */,
				A3E8C78429AD2FD000BFDF8E /* Resources */,
			);
			buildRules = (
			);
			dependencies = (
				A3E8C78829AD2FD000BFDF8E /* PBXTargetDependency */,
			);
			name = DecorativeTests;
			productName = DecorativeTests;
			productReference = A3E8C78629AD2FD000BFDF8E /* DecorativeTests.xctest */;
			productType = "com.apple.product-type.bundle.unit-test";
		};
		A3E8C78F29AD2FD000BFDF8E /* DecorativeUITests */ = {
			isa = PBXNativeTarget;
			buildConfigurationList = A3E8C7A029AD2FD000BFDF8E /* Build configuration list for PBXNativeTarget "DecorativeUITests" */;
			buildPhases = (
				A3E8C78C29AD2FD000BFDF8E /* Sources */,
				A3E8C78D29AD2FD000BFDF8E /* Frameworks */,
				A3E8C78E29AD2FD000BFDF8E /* Resources */,
			);
			buildRules = (
			);
			dependencies = (
				A3E8C79229AD2FD000BFDF8E /* PBXTargetDependency */,
			);
			name = DecorativeUITests;
			productName = DecorativeUITests;
			productReference = A3E8C79029AD2FD000BFDF8E /* DecorativeUITests.xctest */;
			productType = "com.apple.product-type.bundle.ui-testing";
		};
/* End PBXNativeTarget section */

/* Begin PBXProject section */
		A3E8C76E29AD2FCC00BFDF8E /* Project object */ = {
			isa = PBXProject;
			attributes = {
				BuildIndependentTargetsInParallel = 1;
				LastSwiftUpdateCheck = 1340;
				LastUpgradeCheck = 1340;
				TargetAttributes = {
					A3E8C77529AD2FCC00BFDF8E = {
						CreatedOnToolsVersion = 13.4.1;
					};
					A3E8C78529AD2FD000BFDF8E = {
						CreatedOnToolsVersion = 13.4.1;
						TestTargetID = A3E8C77529AD2FCC00BFDF8E;
					};
					A3E8C78F29AD2FD000BFDF8E = {
						CreatedOnToolsVersion = 13.4.1;
						TestTargetID = A3E8C77529AD2FCC00BFDF8E;
					};
				};
			};
			buildConfigurationList = A3E8C77129AD2FCC00BFDF8E /* Build configuration list for PBXProject "Decorative" */;
			compatibilityVersion = "Xcode 13.0";
			developmentRegion = en;
			hasScannedForEncodings = 0;
			knownRegions = (
				en,
				Base,
			);
			mainGroup = A3E8C76D29AD2FCC00BFDF8E;
			productRefGroup = A3E8C77729AD2FCC00BFDF8E /* Products */;
			projectDirPath = "";
			projectRoot = "";
			targets = (
				A3E8C77529AD2FCC00BFDF8E /* Decorative */,
				A3E8C78529AD2FD000BFDF8E /* DecorativeTests */,
				A3E8C78F29AD2FD000BFDF8E /* DecorativeUITests */,
			);
		};
/* End PBXProject section */

/* Begin PBXResourcesBuildPhase section */
		A3E8C77429AD2FCC00BFDF8E /* Resources */ = {
			isa = PBXResourcesBuildPhase;
			buildActionMask = 2147483647;
			files = (
				A3E8C78129AD2FCF00BFDF8E /* Preview Assets.xcassets in Resources */,
				C012465E29D4B84F00136C75 /* Assets.xcassets in Resources */,
				C006CCAF29CB656900DD3DC4 /* GoogleService-Info.plist in Resources */,
			);
			runOnlyForDeploymentPostprocessing = 0;
		};
		A3E8C78429AD2FD000BFDF8E /* Resources */ = {
			isa = PBXResourcesBuildPhase;
			buildActionMask = 2147483647;
			files = (
			);
			runOnlyForDeploymentPostprocessing = 0;
		};
		A3E8C78E29AD2FD000BFDF8E /* Resources */ = {
			isa = PBXResourcesBuildPhase;
			buildActionMask = 2147483647;
			files = (
			);
			runOnlyForDeploymentPostprocessing = 0;
		};
/* End PBXResourcesBuildPhase section */

/* Begin PBXShellScriptBuildPhase section */
		801714122B68BCDBC803F194 /* [CP] Check Pods Manifest.lock */ = {
			isa = PBXShellScriptBuildPhase;
			buildActionMask = 2147483647;
			files = (
			);
			inputFileListPaths = (
			);
			inputPaths = (
				"${PODS_PODFILE_DIR_PATH}/Podfile.lock",
				"${PODS_ROOT}/Manifest.lock",
			);
			name = "[CP] Check Pods Manifest.lock";
			outputFileListPaths = (
			);
			outputPaths = (
				"$(DERIVED_FILE_DIR)/Pods-Decorative-checkManifestLockResult.txt",
			);
			runOnlyForDeploymentPostprocessing = 0;
			shellPath = /bin/sh;
			shellScript = "diff \"${PODS_PODFILE_DIR_PATH}/Podfile.lock\" \"${PODS_ROOT}/Manifest.lock\" > /dev/null\nif [ $? != 0 ] ; then\n    # print error to STDERR\n    echo \"error: The sandbox is not in sync with the Podfile.lock. Run 'pod install' or update your CocoaPods installation.\" >&2\n    exit 1\nfi\n# This output is used by Xcode 'outputs' to avoid re-running this script phase.\necho \"SUCCESS\" > \"${SCRIPT_OUTPUT_FILE_0}\"\n";
			showEnvVarsInLog = 0;
		};
		E5E9C7727791F362957BA2EE /* [CP] Embed Pods Frameworks */ = {
			isa = PBXShellScriptBuildPhase;
			buildActionMask = 2147483647;
			files = (
			);
			inputFileListPaths = (
				"${PODS_ROOT}/Target Support Files/Pods-Decorative/Pods-Decorative-frameworks-${CONFIGURATION}-input-files.xcfilelist",
			);
			name = "[CP] Embed Pods Frameworks";
			outputFileListPaths = (
				"${PODS_ROOT}/Target Support Files/Pods-Decorative/Pods-Decorative-frameworks-${CONFIGURATION}-output-files.xcfilelist",
			);
			runOnlyForDeploymentPostprocessing = 0;
			shellPath = /bin/sh;
			shellScript = "\"${PODS_ROOT}/Target Support Files/Pods-Decorative/Pods-Decorative-frameworks.sh\"\n";
			showEnvVarsInLog = 0;
		};
/* End PBXShellScriptBuildPhase section */

/* Begin PBXSourcesBuildPhase section */
		A3E8C77229AD2FCC00BFDF8E /* Sources */ = {
			isa = PBXSourcesBuildPhase;
			buildActionMask = 2147483647;
			files = (
				C0B0222629D1FB51006FB86D /* Login.swift in Sources */,
				C00CE36D29C3866D001806A3 /* FolderListView.swift in Sources */,
				C00CE36F29C38951001806A3 /* HomeView.swift in Sources */,
				A3E8C77C29AD2FCC00BFDF8E /* MenuView.swift in Sources */,
				C0BE97FD29B8FA4D00871450 /* InsideFolderView.swift in Sources */,
				C0BE97FB29B6741100871450 /* SettingsView.swift in Sources */,
				C0B49B8A29C794DC000D245F /* SignupView.swift in Sources */,
				C0BE97FF29B8FB1500871450 /* FolderList.swift in Sources */,
				C0B0222229CCCD87006FB86D /* ImagePicker.swift in Sources */,
				A3E8C7A929AE6F1600BFDF8E /* MapView.swift in Sources */,
				A3E8C7A729AE6EA500BFDF8E /* Map.swift in Sources */,
				A3E8C77A29AD2FCC00BFDF8E /* DecorativeApp.swift in Sources */,
				C00CE36B29C38190001806A3 /* NewFolderView.swift in Sources */,
				A3E8C7B129AE87AA00BFDF8E /* File.swift in Sources */,
				A3E8C7AB29AE6FB600BFDF8E /* MapExpansionView.swift in Sources */,
				A3E8C7AF29AE87AA00BFDF8E /* Folder.swift in Sources */,
				C0BE980129B8FD7C00871450 /* FolderView.swift in Sources */,
				C0B49B8829C794C7000D245F /* LoginView.swift in Sources */,
				C0B49B8C29C7955F000D245F /* UserInfo.swift in Sources */,
				C0B49B8629C794B4000D245F /* AuthenticationView.swift in Sources */,
				C0B0222429D1F864006FB86D /* ForgotPassword.swift in Sources */,
			);
			runOnlyForDeploymentPostprocessing = 0;
		};
		A3E8C78229AD2FD000BFDF8E /* Sources */ = {
			isa = PBXSourcesBuildPhase;
			buildActionMask = 2147483647;
			files = (
			);
			runOnlyForDeploymentPostprocessing = 0;
		};
		A3E8C78C29AD2FD000BFDF8E /* Sources */ = {
			isa = PBXSourcesBuildPhase;
			buildActionMask = 2147483647;
			files = (
			);
			runOnlyForDeploymentPostprocessing = 0;
		};
/* End PBXSourcesBuildPhase section */

/* Begin PBXTargetDependency section */
		A3E8C78829AD2FD000BFDF8E /* PBXTargetDependency */ = {
			isa = PBXTargetDependency;
			target = A3E8C77529AD2FCC00BFDF8E /* Decorative */;
			targetProxy = A3E8C78729AD2FD000BFDF8E /* PBXContainerItemProxy */;
		};
		A3E8C79229AD2FD000BFDF8E /* PBXTargetDependency */ = {
			isa = PBXTargetDependency;
			target = A3E8C77529AD2FCC00BFDF8E /* Decorative */;
			targetProxy = A3E8C79129AD2FD000BFDF8E /* PBXContainerItemProxy */;
		};
/* End PBXTargetDependency section */

/* Begin XCBuildConfiguration section */
		A3E8C79829AD2FD000BFDF8E /* Debug */ = {
			isa = XCBuildConfiguration;
			buildSettings = {
				ALWAYS_SEARCH_USER_PATHS = NO;
				CLANG_ANALYZER_NONNULL = YES;
				CLANG_ANALYZER_NUMBER_OBJECT_CONVERSION = YES_AGGRESSIVE;
				CLANG_CXX_LANGUAGE_STANDARD = "gnu++17";
				CLANG_ENABLE_MODULES = YES;
				CLANG_ENABLE_OBJC_ARC = YES;
				CLANG_ENABLE_OBJC_WEAK = YES;
				CLANG_WARN_BLOCK_CAPTURE_AUTORELEASING = YES;
				CLANG_WARN_BOOL_CONVERSION = YES;
				CLANG_WARN_COMMA = YES;
				CLANG_WARN_CONSTANT_CONVERSION = YES;
				CLANG_WARN_DEPRECATED_OBJC_IMPLEMENTATIONS = YES;
				CLANG_WARN_DIRECT_OBJC_ISA_USAGE = YES_ERROR;
				CLANG_WARN_DOCUMENTATION_COMMENTS = YES;
				CLANG_WARN_EMPTY_BODY = YES;
				CLANG_WARN_ENUM_CONVERSION = YES;
				CLANG_WARN_INFINITE_RECURSION = YES;
				CLANG_WARN_INT_CONVERSION = YES;
				CLANG_WARN_NON_LITERAL_NULL_CONVERSION = YES;
				CLANG_WARN_OBJC_IMPLICIT_RETAIN_SELF = YES;
				CLANG_WARN_OBJC_LITERAL_CONVERSION = YES;
				CLANG_WARN_OBJC_ROOT_CLASS = YES_ERROR;
				CLANG_WARN_QUOTED_INCLUDE_IN_FRAMEWORK_HEADER = YES;
				CLANG_WARN_RANGE_LOOP_ANALYSIS = YES;
				CLANG_WARN_STRICT_PROTOTYPES = YES;
				CLANG_WARN_SUSPICIOUS_MOVE = YES;
				CLANG_WARN_UNGUARDED_AVAILABILITY = YES_AGGRESSIVE;
				CLANG_WARN_UNREACHABLE_CODE = YES;
				CLANG_WARN__DUPLICATE_METHOD_MATCH = YES;
				COPY_PHASE_STRIP = NO;
				DEBUG_INFORMATION_FORMAT = dwarf;
				ENABLE_STRICT_OBJC_MSGSEND = YES;
				ENABLE_TESTABILITY = YES;
				GCC_C_LANGUAGE_STANDARD = gnu11;
				GCC_DYNAMIC_NO_PIC = NO;
				GCC_NO_COMMON_BLOCKS = YES;
				GCC_OPTIMIZATION_LEVEL = 0;
				GCC_PREPROCESSOR_DEFINITIONS = (
					"DEBUG=1",
					"$(inherited)",
				);
				GCC_WARN_64_TO_32_BIT_CONVERSION = YES;
				GCC_WARN_ABOUT_RETURN_TYPE = YES_ERROR;
				GCC_WARN_UNDECLARED_SELECTOR = YES;
				GCC_WARN_UNINITIALIZED_AUTOS = YES_AGGRESSIVE;
				GCC_WARN_UNUSED_FUNCTION = YES;
				GCC_WARN_UNUSED_VARIABLE = YES;
				IPHONEOS_DEPLOYMENT_TARGET = 15.5;
				MTL_ENABLE_DEBUG_INFO = INCLUDE_SOURCE;
				MTL_FAST_MATH = YES;
				ONLY_ACTIVE_ARCH = YES;
				SDKROOT = iphoneos;
				SWIFT_ACTIVE_COMPILATION_CONDITIONS = DEBUG;
				SWIFT_OPTIMIZATION_LEVEL = "-Onone";
			};
			name = Debug;
		};
		A3E8C79929AD2FD000BFDF8E /* Release */ = {
			isa = XCBuildConfiguration;
			buildSettings = {
				ALWAYS_SEARCH_USER_PATHS = NO;
				CLANG_ANALYZER_NONNULL = YES;
				CLANG_ANALYZER_NUMBER_OBJECT_CONVERSION = YES_AGGRESSIVE;
				CLANG_CXX_LANGUAGE_STANDARD = "gnu++17";
				CLANG_ENABLE_MODULES = YES;
				CLANG_ENABLE_OBJC_ARC = YES;
				CLANG_ENABLE_OBJC_WEAK = YES;
				CLANG_WARN_BLOCK_CAPTURE_AUTORELEASING = YES;
				CLANG_WARN_BOOL_CONVERSION = YES;
				CLANG_WARN_COMMA = YES;
				CLANG_WARN_CONSTANT_CONVERSION = YES;
				CLANG_WARN_DEPRECATED_OBJC_IMPLEMENTATIONS = YES;
				CLANG_WARN_DIRECT_OBJC_ISA_USAGE = YES_ERROR;
				CLANG_WARN_DOCUMENTATION_COMMENTS = YES;
				CLANG_WARN_EMPTY_BODY = YES;
				CLANG_WARN_ENUM_CONVERSION = YES;
				CLANG_WARN_INFINITE_RECURSION = YES;
				CLANG_WARN_INT_CONVERSION = YES;
				CLANG_WARN_NON_LITERAL_NULL_CONVERSION = YES;
				CLANG_WARN_OBJC_IMPLICIT_RETAIN_SELF = YES;
				CLANG_WARN_OBJC_LITERAL_CONVERSION = YES;
				CLANG_WARN_OBJC_ROOT_CLASS = YES_ERROR;
				CLANG_WARN_QUOTED_INCLUDE_IN_FRAMEWORK_HEADER = YES;
				CLANG_WARN_RANGE_LOOP_ANALYSIS = YES;
				CLANG_WARN_STRICT_PROTOTYPES = YES;
				CLANG_WARN_SUSPICIOUS_MOVE = YES;
				CLANG_WARN_UNGUARDED_AVAILABILITY = YES_AGGRESSIVE;
				CLANG_WARN_UNREACHABLE_CODE = YES;
				CLANG_WARN__DUPLICATE_METHOD_MATCH = YES;
				COPY_PHASE_STRIP = NO;
				DEBUG_INFORMATION_FORMAT = "dwarf-with-dsym";
				ENABLE_NS_ASSERTIONS = NO;
				ENABLE_STRICT_OBJC_MSGSEND = YES;
				GCC_C_LANGUAGE_STANDARD = gnu11;
				GCC_NO_COMMON_BLOCKS = YES;
				GCC_WARN_64_TO_32_BIT_CONVERSION = YES;
				GCC_WARN_ABOUT_RETURN_TYPE = YES_ERROR;
				GCC_WARN_UNDECLARED_SELECTOR = YES;
				GCC_WARN_UNINITIALIZED_AUTOS = YES_AGGRESSIVE;
				GCC_WARN_UNUSED_FUNCTION = YES;
				GCC_WARN_UNUSED_VARIABLE = YES;
				IPHONEOS_DEPLOYMENT_TARGET = 15.5;
				MTL_ENABLE_DEBUG_INFO = NO;
				MTL_FAST_MATH = YES;
				SDKROOT = iphoneos;
				SWIFT_COMPILATION_MODE = wholemodule;
				SWIFT_OPTIMIZATION_LEVEL = "-O";
				VALIDATE_PRODUCT = YES;
			};
			name = Release;
		};
		A3E8C79B29AD2FD000BFDF8E /* Debug */ = {
			isa = XCBuildConfiguration;
			baseConfigurationReference = E29F02A6A3FE59646B6D3AAE /* Pods-Decorative.debug.xcconfig */;
			buildSettings = {
				ASSETCATALOG_COMPILER_APPICON_NAME = AppIcon;
				ASSETCATALOG_COMPILER_GLOBAL_ACCENT_COLOR_NAME = AccentColor;
				CODE_SIGN_STYLE = Automatic;
				CURRENT_PROJECT_VERSION = 1;
				DEVELOPMENT_ASSET_PATHS = "\"Decorative/Preview Content\"";
				DEVELOPMENT_TEAM = VA3GFWL4H7;
				ENABLE_PREVIEWS = YES;
				GENERATE_INFOPLIST_FILE = YES;
				INFOPLIST_KEY_UIApplicationSceneManifest_Generation = YES;
				INFOPLIST_KEY_UIApplicationSupportsIndirectInputEvents = YES;
				INFOPLIST_KEY_UILaunchScreen_Generation = YES;
				INFOPLIST_KEY_UISupportedInterfaceOrientations_iPad = "UIInterfaceOrientationPortrait UIInterfaceOrientationPortraitUpsideDown UIInterfaceOrientationLandscapeLeft UIInterfaceOrientationLandscapeRight";
				INFOPLIST_KEY_UISupportedInterfaceOrientations_iPhone = "UIInterfaceOrientationPortrait UIInterfaceOrientationLandscapeLeft UIInterfaceOrientationLandscapeRight";
				LD_RUNPATH_SEARCH_PATHS = (
					"$(inherited)",
					"@executable_path/Frameworks",
				);
				MARKETING_VERSION = 1.0;
				PRODUCT_BUNDLE_IDENTIFIER = QED.Decorative;
				PRODUCT_NAME = "$(TARGET_NAME)";
				SWIFT_EMIT_LOC_STRINGS = YES;
				SWIFT_VERSION = 5.0;
				TARGETED_DEVICE_FAMILY = "1,2";
			};
			name = Debug;
		};
		A3E8C79C29AD2FD000BFDF8E /* Release */ = {
			isa = XCBuildConfiguration;
			baseConfigurationReference = 0EDE64463E392BCB5BD2A286 /* Pods-Decorative.release.xcconfig */;
			buildSettings = {
				ASSETCATALOG_COMPILER_APPICON_NAME = AppIcon;
				ASSETCATALOG_COMPILER_GLOBAL_ACCENT_COLOR_NAME = AccentColor;
				CODE_SIGN_STYLE = Automatic;
				CURRENT_PROJECT_VERSION = 1;
				DEVELOPMENT_ASSET_PATHS = "\"Decorative/Preview Content\"";
				DEVELOPMENT_TEAM = VA3GFWL4H7;
				ENABLE_PREVIEWS = YES;
				GENERATE_INFOPLIST_FILE = YES;
				INFOPLIST_KEY_UIApplicationSceneManifest_Generation = YES;
				INFOPLIST_KEY_UIApplicationSupportsIndirectInputEvents = YES;
				INFOPLIST_KEY_UILaunchScreen_Generation = YES;
				INFOPLIST_KEY_UISupportedInterfaceOrientations_iPad = "UIInterfaceOrientationPortrait UIInterfaceOrientationPortraitUpsideDown UIInterfaceOrientationLandscapeLeft UIInterfaceOrientationLandscapeRight";
				INFOPLIST_KEY_UISupportedInterfaceOrientations_iPhone = "UIInterfaceOrientationPortrait UIInterfaceOrientationLandscapeLeft UIInterfaceOrientationLandscapeRight";
				LD_RUNPATH_SEARCH_PATHS = (
					"$(inherited)",
					"@executable_path/Frameworks",
				);
				MARKETING_VERSION = 1.0;
				PRODUCT_BUNDLE_IDENTIFIER = QED.Decorative;
				PRODUCT_NAME = "$(TARGET_NAME)";
				SWIFT_EMIT_LOC_STRINGS = YES;
				SWIFT_VERSION = 5.0;
				TARGETED_DEVICE_FAMILY = "1,2";
			};
			name = Release;
		};
		A3E8C79E29AD2FD000BFDF8E /* Debug */ = {
			isa = XCBuildConfiguration;
			buildSettings = {
				ALWAYS_EMBED_SWIFT_STANDARD_LIBRARIES = YES;
				BUNDLE_LOADER = "$(TEST_HOST)";
				CODE_SIGN_STYLE = Automatic;
				CURRENT_PROJECT_VERSION = 1;
				DEVELOPMENT_TEAM = VA3GFWL4H7;
				GENERATE_INFOPLIST_FILE = YES;
				IPHONEOS_DEPLOYMENT_TARGET = 15.5;
				MARKETING_VERSION = 1.0;
				PRODUCT_BUNDLE_IDENTIFIER = QED.DecorativeTests;
				PRODUCT_NAME = "$(TARGET_NAME)";
				SWIFT_EMIT_LOC_STRINGS = NO;
				SWIFT_VERSION = 5.0;
				TARGETED_DEVICE_FAMILY = "1,2";
				TEST_HOST = "$(BUILT_PRODUCTS_DIR)/Decorative.app/Decorative";
			};
			name = Debug;
		};
		A3E8C79F29AD2FD000BFDF8E /* Release */ = {
			isa = XCBuildConfiguration;
			buildSettings = {
				ALWAYS_EMBED_SWIFT_STANDARD_LIBRARIES = YES;
				BUNDLE_LOADER = "$(TEST_HOST)";
				CODE_SIGN_STYLE = Automatic;
				CURRENT_PROJECT_VERSION = 1;
				DEVELOPMENT_TEAM = VA3GFWL4H7;
				GENERATE_INFOPLIST_FILE = YES;
				IPHONEOS_DEPLOYMENT_TARGET = 15.5;
				MARKETING_VERSION = 1.0;
				PRODUCT_BUNDLE_IDENTIFIER = QED.DecorativeTests;
				PRODUCT_NAME = "$(TARGET_NAME)";
				SWIFT_EMIT_LOC_STRINGS = NO;
				SWIFT_VERSION = 5.0;
				TARGETED_DEVICE_FAMILY = "1,2";
				TEST_HOST = "$(BUILT_PRODUCTS_DIR)/Decorative.app/Decorative";
			};
			name = Release;
		};
		A3E8C7A129AD2FD000BFDF8E /* Debug */ = {
			isa = XCBuildConfiguration;
			buildSettings = {
				ALWAYS_EMBED_SWIFT_STANDARD_LIBRARIES = YES;
				CODE_SIGN_STYLE = Automatic;
				CURRENT_PROJECT_VERSION = 1;
				DEVELOPMENT_TEAM = VA3GFWL4H7;
				GENERATE_INFOPLIST_FILE = YES;
				MARKETING_VERSION = 1.0;
				PRODUCT_BUNDLE_IDENTIFIER = QED.DecorativeUITests;
				PRODUCT_NAME = "$(TARGET_NAME)";
				SWIFT_EMIT_LOC_STRINGS = NO;
				SWIFT_VERSION = 5.0;
				TARGETED_DEVICE_FAMILY = "1,2";
				TEST_TARGET_NAME = Decorative;
			};
			name = Debug;
		};
		A3E8C7A229AD2FD000BFDF8E /* Release */ = {
			isa = XCBuildConfiguration;
			buildSettings = {
				ALWAYS_EMBED_SWIFT_STANDARD_LIBRARIES = YES;
				CODE_SIGN_STYLE = Automatic;
				CURRENT_PROJECT_VERSION = 1;
				DEVELOPMENT_TEAM = VA3GFWL4H7;
				GENERATE_INFOPLIST_FILE = YES;
				MARKETING_VERSION = 1.0;
				PRODUCT_BUNDLE_IDENTIFIER = QED.DecorativeUITests;
				PRODUCT_NAME = "$(TARGET_NAME)";
				SWIFT_EMIT_LOC_STRINGS = NO;
				SWIFT_VERSION = 5.0;
				TARGETED_DEVICE_FAMILY = "1,2";
				TEST_TARGET_NAME = Decorative;
			};
			name = Release;
		};
/* End XCBuildConfiguration section */

/* Begin XCConfigurationList section */
		A3E8C77129AD2FCC00BFDF8E /* Build configuration list for PBXProject "Decorative" */ = {
			isa = XCConfigurationList;
			buildConfigurations = (
				A3E8C79829AD2FD000BFDF8E /* Debug */,
				A3E8C79929AD2FD000BFDF8E /* Release */,
			);
			defaultConfigurationIsVisible = 0;
			defaultConfigurationName = Release;
		};
		A3E8C79A29AD2FD000BFDF8E /* Build configuration list for PBXNativeTarget "Decorative" */ = {
			isa = XCConfigurationList;
			buildConfigurations = (
				A3E8C79B29AD2FD000BFDF8E /* Debug */,
				A3E8C79C29AD2FD000BFDF8E /* Release */,
			);
			defaultConfigurationIsVisible = 0;
			defaultConfigurationName = Release;
		};
		A3E8C79D29AD2FD000BFDF8E /* Build configuration list for PBXNativeTarget "DecorativeTests" */ = {
			isa = XCConfigurationList;
			buildConfigurations = (
				A3E8C79E29AD2FD000BFDF8E /* Debug */,
				A3E8C79F29AD2FD000BFDF8E /* Release */,
			);
			defaultConfigurationIsVisible = 0;
			defaultConfigurationName = Release;
		};
		A3E8C7A029AD2FD000BFDF8E /* Build configuration list for PBXNativeTarget "DecorativeUITests" */ = {
			isa = XCConfigurationList;
			buildConfigurations = (
				A3E8C7A129AD2FD000BFDF8E /* Debug */,
				A3E8C7A229AD2FD000BFDF8E /* Release */,
			);
			defaultConfigurationIsVisible = 0;
			defaultConfigurationName = Release;
		};
/* End XCConfigurationList section */
	};
	rootObject = A3E8C76E29AD2FCC00BFDF8E /* Project object */;
}
