// !$*UTF8*$!
{
	archiveVersion = 1;
	classes = {
	};
	objectVersion = 55;
	objects = {

/* Begin PBXBuildFile section */
		A3026B2929D4B238009F4FCC /* ViewState.swift in Sources */ = {isa = PBXBuildFile; fileRef = A3026B2829D4B238009F4FCC /* ViewState.swift */; };
		A3026B2B29D4B35E009F4FCC /* MotherView.swift in Sources */ = {isa = PBXBuildFile; fileRef = A3026B2A29D4B35E009F4FCC /* MotherView.swift */; };
		A3026B2D29D4B8A9009F4FCC /* Furniture.swift in Sources */ = {isa = PBXBuildFile; fileRef = A3026B2C29D4B8A9009F4FCC /* Furniture.swift */; };
		A3026B2F29D4B9AC009F4FCC /* FurnitureSideView.swift in Sources */ = {isa = PBXBuildFile; fileRef = A3026B2E29D4B9AC009F4FCC /* FurnitureSideView.swift */; };
		A3290F5429F1DC8C00F4998A /* UserInfo.swift in Sources */ = {isa = PBXBuildFile; fileRef = A3290F4E29F1DC8B00F4998A /* UserInfo.swift */; };
		A3290F5529F1DC8C00F4998A /* Login.swift in Sources */ = {isa = PBXBuildFile; fileRef = A3290F4F29F1DC8B00F4998A /* Login.swift */; };
		A3290F5629F1DC8C00F4998A /* ImagePicker.swift in Sources */ = {isa = PBXBuildFile; fileRef = A3290F5029F1DC8C00F4998A /* ImagePicker.swift */; };
		A3290F5729F1DC8C00F4998A /* ForgotPassword.swift in Sources */ = {isa = PBXBuildFile; fileRef = A3290F5129F1DC8C00F4998A /* ForgotPassword.swift */; };
		A3290F5929F1DC8C00F4998A /* Root.swift in Sources */ = {isa = PBXBuildFile; fileRef = A3290F5329F1DC8C00F4998A /* Root.swift */; };
		A3290F6029F1DCE200F4998A /* SignupView.swift in Sources */ = {isa = PBXBuildFile; fileRef = A3290F5D29F1DCE100F4998A /* SignupView.swift */; };
		A3290F6129F1DCE200F4998A /* LoginView.swift in Sources */ = {isa = PBXBuildFile; fileRef = A3290F5E29F1DCE100F4998A /* LoginView.swift */; };
		A3290F6229F1DCE200F4998A /* AuthenticationView.swift in Sources */ = {isa = PBXBuildFile; fileRef = A3290F5F29F1DCE200F4998A /* AuthenticationView.swift */; };
		A3290F6A29F1DD1100F4998A /* FolderView.swift in Sources */ = {isa = PBXBuildFile; fileRef = A3290F6529F1DD1000F4998A /* FolderView.swift */; };
		A3290F6B29F1DD1100F4998A /* HomeView.swift in Sources */ = {isa = PBXBuildFile; fileRef = A3290F6629F1DD1000F4998A /* HomeView.swift */; };
		A3290F6C29F1DD1100F4998A /* FolderListView.swift in Sources */ = {isa = PBXBuildFile; fileRef = A3290F6729F1DD1100F4998A /* FolderListView.swift */; };
		A3290F6D29F1DD1100F4998A /* FileView.swift in Sources */ = {isa = PBXBuildFile; fileRef = A3290F6829F1DD1100F4998A /* FileView.swift */; };
		A3290F6F29F1DD1E00F4998A /* SettingsView.swift in Sources */ = {isa = PBXBuildFile; fileRef = A3290F6E29F1DD1E00F4998A /* SettingsView.swift */; };
		A3290F7129F1DD2600F4998A /* MenuView.swift in Sources */ = {isa = PBXBuildFile; fileRef = A3290F7029F1DD2600F4998A /* MenuView.swift */; };
		A3290F7329F1DD3B00F4998A /* GoogleService-Info.plist in Resources */ = {isa = PBXBuildFile; fileRef = A3290F7229F1DD3B00F4998A /* GoogleService-Info.plist */; };
		A393455C29B10FDF004D66D4 /* TileView.swift in Sources */ = {isa = PBXBuildFile; fileRef = A393455B29B10FDF004D66D4 /* TileView.swift */; };
		A393456029B110C2004D66D4 /* Tile.swift in Sources */ = {isa = PBXBuildFile; fileRef = A393455F29B110C2004D66D4 /* Tile.swift */; };
		A393456329B26E65004D66D4 /* Constants.swift in Sources */ = {isa = PBXBuildFile; fileRef = A393456229B26E65004D66D4 /* Constants.swift */; };
		A393456529BA5368004D66D4 /* User.swift in Sources */ = {isa = PBXBuildFile; fileRef = A393456429BA5366004D66D4 /* User.swift */; };
		A3E4C08D29DDDC9A007399F4 /* RoomView.swift in Sources */ = {isa = PBXBuildFile; fileRef = A3E4C08C29DDDC9A007399F4 /* RoomView.swift */; };
		A3E4C08F29DDDDA7007399F4 /* RoomTileView.swift in Sources */ = {isa = PBXBuildFile; fileRef = A3E4C08E29DDDDA7007399F4 /* RoomTileView.swift */; };
		A3E4C09329E0A3BF007399F4 /* FurnitureBarView.swift in Sources */ = {isa = PBXBuildFile; fileRef = A3E4C09229E0A3BF007399F4 /* FurnitureBarView.swift */; };
		A3E4C09529E0A479007399F4 /* FurnitureSmallView.swift in Sources */ = {isa = PBXBuildFile; fileRef = A3E4C09429E0A479007399F4 /* FurnitureSmallView.swift */; };
		A3E4C09C29E0BDFD007399F4 /* FurnitureRoomView.swift in Sources */ = {isa = PBXBuildFile; fileRef = A3E4C09B29E0BDFD007399F4 /* FurnitureRoomView.swift */; };
		A3E4C09E29E0E4E9007399F4 /* RoomExpansionView.swift in Sources */ = {isa = PBXBuildFile; fileRef = A3E4C09D29E0E4E9007399F4 /* RoomExpansionView.swift */; };
		A3E4C0A029E0E83A007399F4 /* FurnitureEditView.swift in Sources */ = {isa = PBXBuildFile; fileRef = A3E4C09F29E0E83A007399F4 /* FurnitureEditView.swift */; };
		A3E4C0A229E0ECBA007399F4 /* RoomTileEditView.swift in Sources */ = {isa = PBXBuildFile; fileRef = A3E4C0A129E0ECBA007399F4 /* RoomTileEditView.swift */; };
		A3E8C77A29AD2FCC00BFDF8E /* DecorativeApp.swift in Sources */ = {isa = PBXBuildFile; fileRef = A3E8C77929AD2FCC00BFDF8E /* DecorativeApp.swift */; };
		A3E8C77E29AD2FCF00BFDF8E /* Assets.xcassets in Resources */ = {isa = PBXBuildFile; fileRef = A3E8C77D29AD2FCF00BFDF8E /* Assets.xcassets */; };
		A3E8C78129AD2FCF00BFDF8E /* Preview Assets.xcassets in Resources */ = {isa = PBXBuildFile; fileRef = A3E8C78029AD2FCF00BFDF8E /* Preview Assets.xcassets */; };
		A3E8C7A729AE6EA500BFDF8E /* Map.swift in Sources */ = {isa = PBXBuildFile; fileRef = A3E8C7A629AE6EA500BFDF8E /* Map.swift */; };
		A3E8C7A929AE6F1600BFDF8E /* MapView.swift in Sources */ = {isa = PBXBuildFile; fileRef = A3E8C7A829AE6F1600BFDF8E /* MapView.swift */; };
		A3E8C7AB29AE6FB600BFDF8E /* MapExpansionView.swift in Sources */ = {isa = PBXBuildFile; fileRef = A3E8C7AA29AE6FB600BFDF8E /* MapExpansionView.swift */; };
		A3E8C7AF29AE87AA00BFDF8E /* Folder.swift in Sources */ = {isa = PBXBuildFile; fileRef = A3E8C7AC29AE87A900BFDF8E /* Folder.swift */; };
		A3E8C7B129AE87AA00BFDF8E /* File.swift in Sources */ = {isa = PBXBuildFile; fileRef = A3E8C7AE29AE87AA00BFDF8E /* File.swift */; };
		A3ED959E29D5CC2E00D21001 /* FurnitureSelectionView.swift in Sources */ = {isa = PBXBuildFile; fileRef = A3ED959D29D5CC2E00D21001 /* FurnitureSelectionView.swift */; };
		A3ED95A029D5F80000D21001 /* Room.swift in Sources */ = {isa = PBXBuildFile; fileRef = A3ED959F29D5F80000D21001 /* Room.swift */; };
		A3ED95A229D6F8E900D21001 /* FurnitureList.swift in Sources */ = {isa = PBXBuildFile; fileRef = A3ED95A129D6F8E900D21001 /* FurnitureList.swift */; };
		A3ED95A429D7154200D21001 /* CustomFurnitureView.swift in Sources */ = {isa = PBXBuildFile; fileRef = A3ED95A329D7154100D21001 /* CustomFurnitureView.swift */; };
/* End PBXBuildFile section */

/* Begin PBXContainerItemProxy section */
		A3E8C78729AD2FD000BFDF8E /* PBXContainerItemProxy */ = {
			isa = PBXContainerItemProxy;
			containerPortal = A3E8C76E29AD2FCC00BFDF8E /* Project object */;
			proxyType = 1;
			remoteGlobalIDString = A3E8C77529AD2FCC00BFDF8E;
			remoteInfo = Decorative;
		};
		A3E8C79129AD2FD000BFDF8E /* PBXContainerItemProxy */ = {
			isa = PBXContainerItemProxy;
			containerPortal = A3E8C76E29AD2FCC00BFDF8E /* Project object */;
			proxyType = 1;
			remoteGlobalIDString = A3E8C77529AD2FCC00BFDF8E;
			remoteInfo = Decorative;
		};
/* End PBXContainerItemProxy section */

/* Begin PBXFileReference section */
		A3026B2829D4B238009F4FCC /* ViewState.swift */ = {isa = PBXFileReference; lastKnownFileType = sourcecode.swift; path = ViewState.swift; sourceTree = "<group>"; };
		A3026B2A29D4B35E009F4FCC /* MotherView.swift */ = {isa = PBXFileReference; lastKnownFileType = sourcecode.swift; path = MotherView.swift; sourceTree = "<group>"; };
		A3026B2C29D4B8A9009F4FCC /* Furniture.swift */ = {isa = PBXFileReference; lastKnownFileType = sourcecode.swift; path = Furniture.swift; sourceTree = "<group>"; };
		A3026B2E29D4B9AC009F4FCC /* FurnitureSideView.swift */ = {isa = PBXFileReference; lastKnownFileType = sourcecode.swift; path = FurnitureSideView.swift; sourceTree = "<group>"; };
		A3290F4E29F1DC8B00F4998A /* UserInfo.swift */ = {isa = PBXFileReference; fileEncoding = 4; lastKnownFileType = sourcecode.swift; path = UserInfo.swift; sourceTree = "<group>"; };
		A3290F4F29F1DC8B00F4998A /* Login.swift */ = {isa = PBXFileReference; fileEncoding = 4; lastKnownFileType = sourcecode.swift; path = Login.swift; sourceTree = "<group>"; };
		A3290F5029F1DC8C00F4998A /* ImagePicker.swift */ = {isa = PBXFileReference; fileEncoding = 4; lastKnownFileType = sourcecode.swift; path = ImagePicker.swift; sourceTree = "<group>"; };
		A3290F5129F1DC8C00F4998A /* ForgotPassword.swift */ = {isa = PBXFileReference; fileEncoding = 4; lastKnownFileType = sourcecode.swift; path = ForgotPassword.swift; sourceTree = "<group>"; };
		A3290F5329F1DC8C00F4998A /* Root.swift */ = {isa = PBXFileReference; fileEncoding = 4; lastKnownFileType = sourcecode.swift; name = Root.swift; path = "../../../../../Downloads/DecorAtive-Reuben2/Decorative/Model/Root.swift"; sourceTree = "<group>"; };
		A3290F5D29F1DCE100F4998A /* SignupView.swift */ = {isa = PBXFileReference; fileEncoding = 4; lastKnownFileType = sourcecode.swift; path = SignupView.swift; sourceTree = "<group>"; };
		A3290F5E29F1DCE100F4998A /* LoginView.swift */ = {isa = PBXFileReference; fileEncoding = 4; lastKnownFileType = sourcecode.swift; path = LoginView.swift; sourceTree = "<group>"; };
		A3290F5F29F1DCE200F4998A /* AuthenticationView.swift */ = {isa = PBXFileReference; fileEncoding = 4; lastKnownFileType = sourcecode.swift; path = AuthenticationView.swift; sourceTree = "<group>"; };
		A3290F6529F1DD1000F4998A /* FolderView.swift */ = {isa = PBXFileReference; fileEncoding = 4; lastKnownFileType = sourcecode.swift; path = FolderView.swift; sourceTree = "<group>"; };
		A3290F6629F1DD1000F4998A /* HomeView.swift */ = {isa = PBXFileReference; fileEncoding = 4; lastKnownFileType = sourcecode.swift; path = HomeView.swift; sourceTree = "<group>"; };
		A3290F6729F1DD1100F4998A /* FolderListView.swift */ = {isa = PBXFileReference; fileEncoding = 4; lastKnownFileType = sourcecode.swift; path = FolderListView.swift; sourceTree = "<group>"; };
		A3290F6829F1DD1100F4998A /* FileView.swift */ = {isa = PBXFileReference; fileEncoding = 4; lastKnownFileType = sourcecode.swift; path = FileView.swift; sourceTree = "<group>"; };
		A3290F6E29F1DD1E00F4998A /* SettingsView.swift */ = {isa = PBXFileReference; fileEncoding = 4; lastKnownFileType = sourcecode.swift; path = SettingsView.swift; sourceTree = "<group>"; };
		A3290F7029F1DD2600F4998A /* MenuView.swift */ = {isa = PBXFileReference; fileEncoding = 4; lastKnownFileType = sourcecode.swift; path = MenuView.swift; sourceTree = "<group>"; };
		A3290F7229F1DD3B00F4998A /* GoogleService-Info.plist */ = {isa = PBXFileReference; fileEncoding = 4; lastKnownFileType = text.plist.xml; path = "GoogleService-Info.plist"; sourceTree = "<group>"; };
		A393455B29B10FDF004D66D4 /* TileView.swift */ = {isa = PBXFileReference; lastKnownFileType = sourcecode.swift; path = TileView.swift; sourceTree = "<group>"; };
		A393455F29B110C2004D66D4 /* Tile.swift */ = {isa = PBXFileReference; lastKnownFileType = sourcecode.swift; path = Tile.swift; sourceTree = "<group>"; };
		A393456229B26E65004D66D4 /* Constants.swift */ = {isa = PBXFileReference; lastKnownFileType = sourcecode.swift; path = Constants.swift; sourceTree = "<group>"; };
		A393456429BA5366004D66D4 /* User.swift */ = {isa = PBXFileReference; lastKnownFileType = sourcecode.swift; path = User.swift; sourceTree = "<group>"; };
		A3E4C08C29DDDC9A007399F4 /* RoomView.swift */ = {isa = PBXFileReference; lastKnownFileType = sourcecode.swift; path = RoomView.swift; sourceTree = "<group>"; };
		A3E4C08E29DDDDA7007399F4 /* RoomTileView.swift */ = {isa = PBXFileReference; lastKnownFileType = sourcecode.swift; path = RoomTileView.swift; sourceTree = "<group>"; };
		A3E4C09229E0A3BF007399F4 /* FurnitureBarView.swift */ = {isa = PBXFileReference; lastKnownFileType = sourcecode.swift; path = FurnitureBarView.swift; sourceTree = "<group>"; };
		A3E4C09429E0A479007399F4 /* FurnitureSmallView.swift */ = {isa = PBXFileReference; lastKnownFileType = sourcecode.swift; path = FurnitureSmallView.swift; sourceTree = "<group>"; };
		A3E4C09B29E0BDFD007399F4 /* FurnitureRoomView.swift */ = {isa = PBXFileReference; lastKnownFileType = sourcecode.swift; path = FurnitureRoomView.swift; sourceTree = "<group>"; };
		A3E4C09D29E0E4E9007399F4 /* RoomExpansionView.swift */ = {isa = PBXFileReference; lastKnownFileType = sourcecode.swift; path = RoomExpansionView.swift; sourceTree = "<group>"; };
		A3E4C09F29E0E83A007399F4 /* FurnitureEditView.swift */ = {isa = PBXFileReference; lastKnownFileType = sourcecode.swift; path = FurnitureEditView.swift; sourceTree = "<group>"; };
		A3E4C0A129E0ECBA007399F4 /* RoomTileEditView.swift */ = {isa = PBXFileReference; lastKnownFileType = sourcecode.swift; path = RoomTileEditView.swift; sourceTree = "<group>"; };
		A3E8C77629AD2FCC00BFDF8E /* Decorative.app */ = {isa = PBXFileReference; explicitFileType = wrapper.application; includeInIndex = 0; path = Decorative.app; sourceTree = BUILT_PRODUCTS_DIR; };
		A3E8C77929AD2FCC00BFDF8E /* DecorativeApp.swift */ = {isa = PBXFileReference; lastKnownFileType = sourcecode.swift; path = DecorativeApp.swift; sourceTree = "<group>"; };
		A3E8C77D29AD2FCF00BFDF8E /* Assets.xcassets */ = {isa = PBXFileReference; lastKnownFileType = folder.assetcatalog; path = Assets.xcassets; sourceTree = "<group>"; };
		A3E8C78029AD2FCF00BFDF8E /* Preview Assets.xcassets */ = {isa = PBXFileReference; lastKnownFileType = folder.assetcatalog; path = "Preview Assets.xcassets"; sourceTree = "<group>"; };
		A3E8C78629AD2FD000BFDF8E /* DecorativeTests.xctest */ = {isa = PBXFileReference; explicitFileType = wrapper.cfbundle; includeInIndex = 0; path = DecorativeTests.xctest; sourceTree = BUILT_PRODUCTS_DIR; };
		A3E8C79029AD2FD000BFDF8E /* DecorativeUITests.xctest */ = {isa = PBXFileReference; explicitFileType = wrapper.cfbundle; includeInIndex = 0; path = DecorativeUITests.xctest; sourceTree = BUILT_PRODUCTS_DIR; };
		A3E8C7A629AE6EA500BFDF8E /* Map.swift */ = {isa = PBXFileReference; lastKnownFileType = sourcecode.swift; path = Map.swift; sourceTree = "<group>"; };
		A3E8C7A829AE6F1600BFDF8E /* MapView.swift */ = {isa = PBXFileReference; lastKnownFileType = sourcecode.swift; path = MapView.swift; sourceTree = "<group>"; };
		A3E8C7AA29AE6FB600BFDF8E /* MapExpansionView.swift */ = {isa = PBXFileReference; lastKnownFileType = sourcecode.swift; path = MapExpansionView.swift; sourceTree = "<group>"; };
		A3E8C7AC29AE87A900BFDF8E /* Folder.swift */ = {isa = PBXFileReference; fileEncoding = 4; lastKnownFileType = sourcecode.swift; path = Folder.swift; sourceTree = "<group>"; };
		A3E8C7AE29AE87AA00BFDF8E /* File.swift */ = {isa = PBXFileReference; fileEncoding = 4; lastKnownFileType = sourcecode.swift; path = File.swift; sourceTree = "<group>"; };
		A3ED959D29D5CC2E00D21001 /* FurnitureSelectionView.swift */ = {isa = PBXFileReference; lastKnownFileType = sourcecode.swift; path = FurnitureSelectionView.swift; sourceTree = "<group>"; };
		A3ED959F29D5F80000D21001 /* Room.swift */ = {isa = PBXFileReference; lastKnownFileType = sourcecode.swift; path = Room.swift; sourceTree = "<group>"; };
		A3ED95A129D6F8E900D21001 /* FurnitureList.swift */ = {isa = PBXFileReference; lastKnownFileType = sourcecode.swift; path = FurnitureList.swift; sourceTree = "<group>"; };
		A3ED95A329D7154100D21001 /* CustomFurnitureView.swift */ = {isa = PBXFileReference; lastKnownFileType = sourcecode.swift; path = CustomFurnitureView.swift; sourceTree = "<group>"; };
/* End PBXFileReference section */

/* Begin PBXFrameworksBuildPhase section */
		A3E8C77329AD2FCC00BFDF8E /* Frameworks */ = {
			isa = PBXFrameworksBuildPhase;
			buildActionMask = 2147483647;
			files = (
			);
			runOnlyForDeploymentPostprocessing = 0;
		};
		A3E8C78329AD2FD000BFDF8E /* Frameworks */ = {
			isa = PBXFrameworksBuildPhase;
			buildActionMask = 2147483647;
			files = (
			);
			runOnlyForDeploymentPostprocessing = 0;
		};
		A3E8C78D29AD2FD000BFDF8E /* Frameworks */ = {
			isa = PBXFrameworksBuildPhase;
			buildActionMask = 2147483647;
			files = (
			);
			runOnlyForDeploymentPostprocessing = 0;
		};
/* End PBXFrameworksBuildPhase section */

/* Begin PBXGroup section */
		A3290F5C29F1DCD500F4998A /* Authentication */ = {
			isa = PBXGroup;
			children = (
				A3290F5F29F1DCE200F4998A /* AuthenticationView.swift */,
				A3290F5E29F1DCE100F4998A /* LoginView.swift */,
				A3290F5129F1DC8C00F4998A /* ForgotPassword.swift */,
				A3290F5D29F1DCE100F4998A /* SignupView.swift */,
				A3290F4F29F1DC8B00F4998A /* Login.swift */,
			);
			path = Authentication;
			sourceTree = "<group>";
		};
		A3290F6329F1DD0600F4998A /* Menu */ = {
			isa = PBXGroup;
			children = (
				A3290F6829F1DD1100F4998A /* FileView.swift */,
				A3290F6729F1DD1100F4998A /* FolderListView.swift */,
				A3290F6529F1DD1000F4998A /* FolderView.swift */,
				A3290F6629F1DD1000F4998A /* HomeView.swift */,
				A3290F6E29F1DD1E00F4998A /* SettingsView.swift */,
				A3290F7029F1DD2600F4998A /* MenuView.swift */,
			);
			path = Menu;
			sourceTree = "<group>";
		};
		A3E4C09829E0A526007399F4 /* Room */ = {
			isa = PBXGroup;
			children = (
				A3E4C08C29DDDC9A007399F4 /* RoomView.swift */,
				A3E4C08E29DDDDA7007399F4 /* RoomTileView.swift */,
				A3E4C09D29E0E4E9007399F4 /* RoomExpansionView.swift */,
				A3E4C0A129E0ECBA007399F4 /* RoomTileEditView.swift */,
			);
			path = Room;
			sourceTree = "<group>";
		};
		A3E4C09929E0A533007399F4 /* Furniture */ = {
			isa = PBXGroup;
			children = (
				A3E4C09229E0A3BF007399F4 /* FurnitureBarView.swift */,
				A3E4C09429E0A479007399F4 /* FurnitureSmallView.swift */,
				A3ED959D29D5CC2E00D21001 /* FurnitureSelectionView.swift */,
				A3026B2E29D4B9AC009F4FCC /* FurnitureSideView.swift */,
				A3E4C09B29E0BDFD007399F4 /* FurnitureRoomView.swift */,
				A3E4C09F29E0E83A007399F4 /* FurnitureEditView.swift */,
				A3ED95A329D7154100D21001 /* CustomFurnitureView.swift */,
			);
			path = Furniture;
			sourceTree = "<group>";
		};
		A3E4C09A29E0A550007399F4 /* Map */ = {
			isa = PBXGroup;
			children = (
				A3E8C7AA29AE6FB600BFDF8E /* MapExpansionView.swift */,
				A3E8C7A829AE6F1600BFDF8E /* MapView.swift */,
				A393455B29B10FDF004D66D4 /* TileView.swift */,
			);
			path = Map;
			sourceTree = "<group>";
		};
		A3E8C76D29AD2FCC00BFDF8E = {
			isa = PBXGroup;
			children = (
				A3290F7229F1DD3B00F4998A /* GoogleService-Info.plist */,
				A3E8C77829AD2FCC00BFDF8E /* Decorative */,
				A3E8C77729AD2FCC00BFDF8E /* Products */,
			);
			sourceTree = "<group>";
		};
		A3E8C77729AD2FCC00BFDF8E /* Products */ = {
			isa = PBXGroup;
			children = (
				A3E8C77629AD2FCC00BFDF8E /* Decorative.app */,
				A3E8C78629AD2FD000BFDF8E /* DecorativeTests.xctest */,
				A3E8C79029AD2FD000BFDF8E /* DecorativeUITests.xctest */,
			);
			name = Products;
			sourceTree = "<group>";
		};
		A3E8C77829AD2FCC00BFDF8E /* Decorative */ = {
			isa = PBXGroup;
			children = (
				A3290F5C29F1DCD500F4998A /* Authentication */,
				A3E8C7A529AE6E9300BFDF8E /* Model */,
				A3E8C7A329AE6E8100BFDF8E /* Views */,
				A3E8C77929AD2FCC00BFDF8E /* DecorativeApp.swift */,
				A3E8C77D29AD2FCF00BFDF8E /* Assets.xcassets */,
				A3E8C77F29AD2FCF00BFDF8E /* Preview Content */,
			);
			path = Decorative;
			sourceTree = "<group>";
		};
		A3E8C77F29AD2FCF00BFDF8E /* Preview Content */ = {
			isa = PBXGroup;
			children = (
				A3E8C78029AD2FCF00BFDF8E /* Preview Assets.xcassets */,
			);
			path = "Preview Content";
			sourceTree = "<group>";
		};
		A3E8C7A329AE6E8100BFDF8E /* Views */ = {
			isa = PBXGroup;
			children = (
				A3290F6329F1DD0600F4998A /* Menu */,
				A3E4C09A29E0A550007399F4 /* Map */,
				A3E4C09929E0A533007399F4 /* Furniture */,
				A3E4C09829E0A526007399F4 /* Room */,
				A3026B2A29D4B35E009F4FCC /* MotherView.swift */,
			);
			path = Views;
			sourceTree = "<group>";
		};
		A3E8C7A529AE6E9300BFDF8E /* Model */ = {
			isa = PBXGroup;
			children = (
				A3290F5029F1DC8C00F4998A /* ImagePicker.swift */,
				A3290F5329F1DC8C00F4998A /* Root.swift */,
				A3290F4E29F1DC8B00F4998A /* UserInfo.swift */,
				A3E8C7AE29AE87AA00BFDF8E /* File.swift */,
				A3E8C7AC29AE87A900BFDF8E /* Folder.swift */,
				A3E8C7A629AE6EA500BFDF8E /* Map.swift */,
				A393455F29B110C2004D66D4 /* Tile.swift */,
				A393456229B26E65004D66D4 /* Constants.swift */,
				A393456429BA5366004D66D4 /* User.swift */,
				A3026B2829D4B238009F4FCC /* ViewState.swift */,
				A3026B2C29D4B8A9009F4FCC /* Furniture.swift */,
				A3ED95A129D6F8E900D21001 /* FurnitureList.swift */,
				A3ED959F29D5F80000D21001 /* Room.swift */,
			);
			path = Model;
			sourceTree = "<group>";
		};
/* End PBXGroup section */

/* Begin PBXNativeTarget section */
		A3E8C77529AD2FCC00BFDF8E /* Decorative */ = {
			isa = PBXNativeTarget;
			buildConfigurationList = A3E8C79A29AD2FD000BFDF8E /* Build configuration list for PBXNativeTarget "Decorative" */;
			buildPhases = (
				A3E8C77229AD2FCC00BFDF8E /* Sources */,
				A3E8C77329AD2FCC00BFDF8E /* Frameworks */,
				A3E8C77429AD2FCC00BFDF8E /* Resources */,
			);
			buildRules = (
			);
			dependencies = (
			);
			name = Decorative;
			productName = Decorative;
			productReference = A3E8C77629AD2FCC00BFDF8E /* Decorative.app */;
			productType = "com.apple.product-type.application";
		};
		A3E8C78529AD2FD000BFDF8E /* DecorativeTests */ = {
			isa = PBXNativeTarget;
			buildConfigurationList = A3E8C79D29AD2FD000BFDF8E /* Build configuration list for PBXNativeTarget "DecorativeTests" */;
			buildPhases = (
				A3E8C78229AD2FD000BFDF8E /* Sources */,
				A3E8C78329AD2FD000BFDF8E /* Frameworks */,
				A3E8C78429AD2FD000BFDF8E /* Resources */,
			);
			buildRules = (
			);
			dependencies = (
				A3E8C78829AD2FD000BFDF8E /* PBXTargetDependency */,
			);
			name = DecorativeTests;
			productName = DecorativeTests;
			productReference = A3E8C78629AD2FD000BFDF8E /* DecorativeTests.xctest */;
			productType = "com.apple.product-type.bundle.unit-test";
		};
		A3E8C78F29AD2FD000BFDF8E /* DecorativeUITests */ = {
			isa = PBXNativeTarget;
			buildConfigurationList = A3E8C7A029AD2FD000BFDF8E /* Build configuration list for PBXNativeTarget "DecorativeUITests" */;
			buildPhases = (
				A3E8C78C29AD2FD000BFDF8E /* Sources */,
				A3E8C78D29AD2FD000BFDF8E /* Frameworks */,
				A3E8C78E29AD2FD000BFDF8E /* Resources */,
			);
			buildRules = (
			);
			dependencies = (
				A3E8C79229AD2FD000BFDF8E /* PBXTargetDependency */,
			);
			name = DecorativeUITests;
			productName = DecorativeUITests;
			productReference = A3E8C79029AD2FD000BFDF8E /* DecorativeUITests.xctest */;
			productType = "com.apple.product-type.bundle.ui-testing";
		};
/* End PBXNativeTarget section */

/* Begin PBXProject section */
		A3E8C76E29AD2FCC00BFDF8E /* Project object */ = {
			isa = PBXProject;
			attributes = {
				BuildIndependentTargetsInParallel = 1;
				LastSwiftUpdateCheck = 1340;
				LastUpgradeCheck = 1340;
				TargetAttributes = {
					A3E8C77529AD2FCC00BFDF8E = {
						CreatedOnToolsVersion = 13.4.1;
					};
					A3E8C78529AD2FD000BFDF8E = {
						CreatedOnToolsVersion = 13.4.1;
						TestTargetID = A3E8C77529AD2FCC00BFDF8E;
					};
					A3E8C78F29AD2FD000BFDF8E = {
						CreatedOnToolsVersion = 13.4.1;
						TestTargetID = A3E8C77529AD2FCC00BFDF8E;
					};
				};
			};
			buildConfigurationList = A3E8C77129AD2FCC00BFDF8E /* Build configuration list for PBXProject "Decorative" */;
			compatibilityVersion = "Xcode 13.0";
			developmentRegion = en;
			hasScannedForEncodings = 0;
			knownRegions = (
				en,
				Base,
			);
			mainGroup = A3E8C76D29AD2FCC00BFDF8E;
			productRefGroup = A3E8C77729AD2FCC00BFDF8E /* Products */;
			projectDirPath = "";
			projectRoot = "";
			targets = (
				A3E8C77529AD2FCC00BFDF8E /* Decorative */,
				A3E8C78529AD2FD000BFDF8E /* DecorativeTests */,
				A3E8C78F29AD2FD000BFDF8E /* DecorativeUITests */,
			);
		};
/* End PBXProject section */

/* Begin PBXResourcesBuildPhase section */
		A3E8C77429AD2FCC00BFDF8E /* Resources */ = {
			isa = PBXResourcesBuildPhase;
			buildActionMask = 2147483647;
			files = (
				A3E8C78129AD2FCF00BFDF8E /* Preview Assets.xcassets in Resources */,
				A3E8C77E29AD2FCF00BFDF8E /* Assets.xcassets in Resources */,
				A3290F7329F1DD3B00F4998A /* GoogleService-Info.plist in Resources */,
			);
			runOnlyForDeploymentPostprocessing = 0;
		};
		A3E8C78429AD2FD000BFDF8E /* Resources */ = {
			isa = PBXResourcesBuildPhase;
			buildActionMask = 2147483647;
			files = (
			);
			runOnlyForDeploymentPostprocessing = 0;
		};
		A3E8C78E29AD2FD000BFDF8E /* Resources */ = {
			isa = PBXResourcesBuildPhase;
			buildActionMask = 2147483647;
			files = (
			);
			runOnlyForDeploymentPostprocessing = 0;
		};
/* End PBXResourcesBuildPhase section */

/* Begin PBXSourcesBuildPhase section */
		A3E8C77229AD2FCC00BFDF8E /* Sources */ = {
			isa = PBXSourcesBuildPhase;
			buildActionMask = 2147483647;
			files = (
				A3E8C7A929AE6F1600BFDF8E /* MapView.swift in Sources */,
				A3026B2929D4B238009F4FCC /* ViewState.swift in Sources */,
				A3E4C09C29E0BDFD007399F4 /* FurnitureRoomView.swift in Sources */,
				A3290F6D29F1DD1100F4998A /* FileView.swift in Sources */,
				A3290F5529F1DC8C00F4998A /* Login.swift in Sources */,
				A3E4C0A029E0E83A007399F4 /* FurnitureEditView.swift in Sources */,
				A3E4C08D29DDDC9A007399F4 /* RoomView.swift in Sources */,
				A3ED95A029D5F80000D21001 /* Room.swift in Sources */,
				A3290F6129F1DCE200F4998A /* LoginView.swift in Sources */,
				A3E4C09329E0A3BF007399F4 /* FurnitureBarView.swift in Sources */,
				A393455C29B10FDF004D66D4 /* TileView.swift in Sources */,
				A3026B2F29D4B9AC009F4FCC /* FurnitureSideView.swift in Sources */,
				A3E4C08F29DDDDA7007399F4 /* RoomTileView.swift in Sources */,
				A3026B2B29D4B35E009F4FCC /* MotherView.swift in Sources */,
				A3290F6B29F1DD1100F4998A /* HomeView.swift in Sources */,
				A3290F6229F1DCE200F4998A /* AuthenticationView.swift in Sources */,
				A3ED95A429D7154200D21001 /* CustomFurnitureView.swift in Sources */,
				A3290F5429F1DC8C00F4998A /* UserInfo.swift in Sources */,
				A3E8C7A729AE6EA500BFDF8E /* Map.swift in Sources */,
				A3290F6F29F1DD1E00F4998A /* SettingsView.swift in Sources */,
				A3290F5929F1DC8C00F4998A /* Root.swift in Sources */,
				A3E4C09E29E0E4E9007399F4 /* RoomExpansionView.swift in Sources */,
				A3026B2D29D4B8A9009F4FCC /* Furniture.swift in Sources */,
				A3E8C77A29AD2FCC00BFDF8E /* DecorativeApp.swift in Sources */,
				A3ED95A229D6F8E900D21001 /* FurnitureList.swift in Sources */,
				A3290F6C29F1DD1100F4998A /* FolderListView.swift in Sources */,
				A3290F6029F1DCE200F4998A /* SignupView.swift in Sources */,
				A3290F5729F1DC8C00F4998A /* ForgotPassword.swift in Sources */,
				A393456329B26E65004D66D4 /* Constants.swift in Sources */,
				A3E8C7B129AE87AA00BFDF8E /* File.swift in Sources */,
				A393456029B110C2004D66D4 /* Tile.swift in Sources */,
				A3E4C0A229E0ECBA007399F4 /* RoomTileEditView.swift in Sources */,
				A3ED959E29D5CC2E00D21001 /* FurnitureSelectionView.swift in Sources */,
				A3E8C7AB29AE6FB600BFDF8E /* MapExpansionView.swift in Sources */,
				A3E8C7AF29AE87AA00BFDF8E /* Folder.swift in Sources */,
				A3290F7129F1DD2600F4998A /* MenuView.swift in Sources */,
				A3290F6A29F1DD1100F4998A /* FolderView.swift in Sources */,
				A3290F5629F1DC8C00F4998A /* ImagePicker.swift in Sources */,
				A393456529BA5368004D66D4 /* User.swift in Sources */,
				A3E4C09529E0A479007399F4 /* FurnitureSmallView.swift in Sources */,
			);
			runOnlyForDeploymentPostprocessing = 0;
		};
		A3E8C78229AD2FD000BFDF8E /* Sources */ = {
			isa = PBXSourcesBuildPhase;
			buildActionMask = 2147483647;
			files = (
			);
			runOnlyForDeploymentPostprocessing = 0;
		};
		A3E8C78C29AD2FD000BFDF8E /* Sources */ = {
			isa = PBXSourcesBuildPhase;
			buildActionMask = 2147483647;
			files = (
			);
			runOnlyForDeploymentPostprocessing = 0;
		};
/* End PBXSourcesBuildPhase section */

/* Begin PBXTargetDependency section */
		A3E8C78829AD2FD000BFDF8E /* PBXTargetDependency */ = {
			isa = PBXTargetDependency;
			target = A3E8C77529AD2FCC00BFDF8E /* Decorative */;
			targetProxy = A3E8C78729AD2FD000BFDF8E /* PBXContainerItemProxy */;
		};
		A3E8C79229AD2FD000BFDF8E /* PBXTargetDependency */ = {
			isa = PBXTargetDependency;
			target = A3E8C77529AD2FCC00BFDF8E /* Decorative */;
			targetProxy = A3E8C79129AD2FD000BFDF8E /* PBXContainerItemProxy */;
		};
/* End PBXTargetDependency section */

/* Begin XCBuildConfiguration section */
		A3E8C79829AD2FD000BFDF8E /* Debug */ = {
			isa = XCBuildConfiguration;
			buildSettings = {
				ALWAYS_SEARCH_USER_PATHS = NO;
				CLANG_ANALYZER_NONNULL = YES;
				CLANG_ANALYZER_NUMBER_OBJECT_CONVERSION = YES_AGGRESSIVE;
				CLANG_CXX_LANGUAGE_STANDARD = "gnu++17";
				CLANG_ENABLE_MODULES = YES;
				CLANG_ENABLE_OBJC_ARC = YES;
				CLANG_ENABLE_OBJC_WEAK = YES;
				CLANG_WARN_BLOCK_CAPTURE_AUTORELEASING = YES;
				CLANG_WARN_BOOL_CONVERSION = YES;
				CLANG_WARN_COMMA = YES;
				CLANG_WARN_CONSTANT_CONVERSION = YES;
				CLANG_WARN_DEPRECATED_OBJC_IMPLEMENTATIONS = YES;
				CLANG_WARN_DIRECT_OBJC_ISA_USAGE = YES_ERROR;
				CLANG_WARN_DOCUMENTATION_COMMENTS = YES;
				CLANG_WARN_EMPTY_BODY = YES;
				CLANG_WARN_ENUM_CONVERSION = YES;
				CLANG_WARN_INFINITE_RECURSION = YES;
				CLANG_WARN_INT_CONVERSION = YES;
				CLANG_WARN_NON_LITERAL_NULL_CONVERSION = YES;
				CLANG_WARN_OBJC_IMPLICIT_RETAIN_SELF = YES;
				CLANG_WARN_OBJC_LITERAL_CONVERSION = YES;
				CLANG_WARN_OBJC_ROOT_CLASS = YES_ERROR;
				CLANG_WARN_QUOTED_INCLUDE_IN_FRAMEWORK_HEADER = YES;
				CLANG_WARN_RANGE_LOOP_ANALYSIS = YES;
				CLANG_WARN_STRICT_PROTOTYPES = YES;
				CLANG_WARN_SUSPICIOUS_MOVE = YES;
				CLANG_WARN_UNGUARDED_AVAILABILITY = YES_AGGRESSIVE;
				CLANG_WARN_UNREACHABLE_CODE = YES;
				CLANG_WARN__DUPLICATE_METHOD_MATCH = YES;
				COPY_PHASE_STRIP = NO;
				DEBUG_INFORMATION_FORMAT = dwarf;
				ENABLE_STRICT_OBJC_MSGSEND = YES;
				ENABLE_TESTABILITY = YES;
				GCC_C_LANGUAGE_STANDARD = gnu11;
				GCC_DYNAMIC_NO_PIC = NO;
				GCC_NO_COMMON_BLOCKS = YES;
				GCC_OPTIMIZATION_LEVEL = 0;
				GCC_PREPROCESSOR_DEFINITIONS = (
					"DEBUG=1",
					"$(inherited)",
				);
				GCC_WARN_64_TO_32_BIT_CONVERSION = YES;
				GCC_WARN_ABOUT_RETURN_TYPE = YES_ERROR;
				GCC_WARN_UNDECLARED_SELECTOR = YES;
				GCC_WARN_UNINITIALIZED_AUTOS = YES_AGGRESSIVE;
				GCC_WARN_UNUSED_FUNCTION = YES;
				GCC_WARN_UNUSED_VARIABLE = YES;
				IPHONEOS_DEPLOYMENT_TARGET = 15.5;
				MTL_ENABLE_DEBUG_INFO = INCLUDE_SOURCE;
				MTL_FAST_MATH = YES;
				ONLY_ACTIVE_ARCH = YES;
				SDKROOT = iphoneos;
				SWIFT_ACTIVE_COMPILATION_CONDITIONS = DEBUG;
				SWIFT_OPTIMIZATION_LEVEL = "-Onone";
			};
			name = Debug;
		};
		A3E8C79929AD2FD000BFDF8E /* Release */ = {
			isa = XCBuildConfiguration;
			buildSettings = {
				ALWAYS_SEARCH_USER_PATHS = NO;
				CLANG_ANALYZER_NONNULL = YES;
				CLANG_ANALYZER_NUMBER_OBJECT_CONVERSION = YES_AGGRESSIVE;
				CLANG_CXX_LANGUAGE_STANDARD = "gnu++17";
				CLANG_ENABLE_MODULES = YES;
				CLANG_ENABLE_OBJC_ARC = YES;
				CLANG_ENABLE_OBJC_WEAK = YES;
				CLANG_WARN_BLOCK_CAPTURE_AUTORELEASING = YES;
				CLANG_WARN_BOOL_CONVERSION = YES;
				CLANG_WARN_COMMA = YES;
				CLANG_WARN_CONSTANT_CONVERSION = YES;
				CLANG_WARN_DEPRECATED_OBJC_IMPLEMENTATIONS = YES;
				CLANG_WARN_DIRECT_OBJC_ISA_USAGE = YES_ERROR;
				CLANG_WARN_DOCUMENTATION_COMMENTS = YES;
				CLANG_WARN_EMPTY_BODY = YES;
				CLANG_WARN_ENUM_CONVERSION = YES;
				CLANG_WARN_INFINITE_RECURSION = YES;
				CLANG_WARN_INT_CONVERSION = YES;
				CLANG_WARN_NON_LITERAL_NULL_CONVERSION = YES;
				CLANG_WARN_OBJC_IMPLICIT_RETAIN_SELF = YES;
				CLANG_WARN_OBJC_LITERAL_CONVERSION = YES;
				CLANG_WARN_OBJC_ROOT_CLASS = YES_ERROR;
				CLANG_WARN_QUOTED_INCLUDE_IN_FRAMEWORK_HEADER = YES;
				CLANG_WARN_RANGE_LOOP_ANALYSIS = YES;
				CLANG_WARN_STRICT_PROTOTYPES = YES;
				CLANG_WARN_SUSPICIOUS_MOVE = YES;
				CLANG_WARN_UNGUARDED_AVAILABILITY = YES_AGGRESSIVE;
				CLANG_WARN_UNREACHABLE_CODE = YES;
				CLANG_WARN__DUPLICATE_METHOD_MATCH = YES;
				COPY_PHASE_STRIP = NO;
				DEBUG_INFORMATION_FORMAT = "dwarf-with-dsym";
				ENABLE_NS_ASSERTIONS = NO;
				ENABLE_STRICT_OBJC_MSGSEND = YES;
				GCC_C_LANGUAGE_STANDARD = gnu11;
				GCC_NO_COMMON_BLOCKS = YES;
				GCC_WARN_64_TO_32_BIT_CONVERSION = YES;
				GCC_WARN_ABOUT_RETURN_TYPE = YES_ERROR;
				GCC_WARN_UNDECLARED_SELECTOR = YES;
				GCC_WARN_UNINITIALIZED_AUTOS = YES_AGGRESSIVE;
				GCC_WARN_UNUSED_FUNCTION = YES;
				GCC_WARN_UNUSED_VARIABLE = YES;
				IPHONEOS_DEPLOYMENT_TARGET = 15.5;
				MTL_ENABLE_DEBUG_INFO = NO;
				MTL_FAST_MATH = YES;
				SDKROOT = iphoneos;
				SWIFT_COMPILATION_MODE = wholemodule;
				SWIFT_OPTIMIZATION_LEVEL = "-O";
				VALIDATE_PRODUCT = YES;
			};
			name = Release;
		};
		A3E8C79B29AD2FD000BFDF8E /* Debug */ = {
			isa = XCBuildConfiguration;
			buildSettings = {
				ASSETCATALOG_COMPILER_APPICON_NAME = AppIcon;
				ASSETCATALOG_COMPILER_GLOBAL_ACCENT_COLOR_NAME = AccentColor;
				CODE_SIGN_STYLE = Automatic;
				CURRENT_PROJECT_VERSION = 1;
				DEVELOPMENT_ASSET_PATHS = "\"Decorative/Preview Content\"";
				DEVELOPMENT_TEAM = VA3GFWL4H7;
				ENABLE_PREVIEWS = YES;
				GENERATE_INFOPLIST_FILE = YES;
				INFOPLIST_KEY_UIApplicationSceneManifest_Generation = YES;
				INFOPLIST_KEY_UIApplicationSupportsIndirectInputEvents = YES;
				INFOPLIST_KEY_UILaunchScreen_Generation = YES;
				INFOPLIST_KEY_UISupportedInterfaceOrientations_iPad = "UIInterfaceOrientationPortrait UIInterfaceOrientationPortraitUpsideDown UIInterfaceOrientationLandscapeLeft UIInterfaceOrientationLandscapeRight";
				INFOPLIST_KEY_UISupportedInterfaceOrientations_iPhone = "UIInterfaceOrientationPortrait UIInterfaceOrientationLandscapeLeft UIInterfaceOrientationLandscapeRight";
				LD_RUNPATH_SEARCH_PATHS = (
					"$(inherited)",
					"@executable_path/Frameworks",
				);
				MARKETING_VERSION = 1.0;
				PRODUCT_BUNDLE_IDENTIFIER = QED.Decorative;
				PRODUCT_NAME = "$(TARGET_NAME)";
				SWIFT_EMIT_LOC_STRINGS = YES;
				SWIFT_VERSION = 5.0;
				TARGETED_DEVICE_FAMILY = "1,2";
			};
			name = Debug;
		};
		A3E8C79C29AD2FD000BFDF8E /* Release */ = {
			isa = XCBuildConfiguration;
			buildSettings = {
				ASSETCATALOG_COMPILER_APPICON_NAME = AppIcon;
				ASSETCATALOG_COMPILER_GLOBAL_ACCENT_COLOR_NAME = AccentColor;
				CODE_SIGN_STYLE = Automatic;
				CURRENT_PROJECT_VERSION = 1;
				DEVELOPMENT_ASSET_PATHS = "\"Decorative/Preview Content\"";
				DEVELOPMENT_TEAM = VA3GFWL4H7;
				ENABLE_PREVIEWS = YES;
				GENERATE_INFOPLIST_FILE = YES;
				INFOPLIST_KEY_UIApplicationSceneManifest_Generation = YES;
				INFOPLIST_KEY_UIApplicationSupportsIndirectInputEvents = YES;
				INFOPLIST_KEY_UILaunchScreen_Generation = YES;
				INFOPLIST_KEY_UISupportedInterfaceOrientations_iPad = "UIInterfaceOrientationPortrait UIInterfaceOrientationPortraitUpsideDown UIInterfaceOrientationLandscapeLeft UIInterfaceOrientationLandscapeRight";
				INFOPLIST_KEY_UISupportedInterfaceOrientations_iPhone = "UIInterfaceOrientationPortrait UIInterfaceOrientationLandscapeLeft UIInterfaceOrientationLandscapeRight";
				LD_RUNPATH_SEARCH_PATHS = (
					"$(inherited)",
					"@executable_path/Frameworks",
				);
				MARKETING_VERSION = 1.0;
				PRODUCT_BUNDLE_IDENTIFIER = QED.Decorative;
				PRODUCT_NAME = "$(TARGET_NAME)";
				SWIFT_EMIT_LOC_STRINGS = YES;
				SWIFT_VERSION = 5.0;
				TARGETED_DEVICE_FAMILY = "1,2";
			};
			name = Release;
		};
		A3E8C79E29AD2FD000BFDF8E /* Debug */ = {
			isa = XCBuildConfiguration;
			buildSettings = {
				ALWAYS_EMBED_SWIFT_STANDARD_LIBRARIES = YES;
				BUNDLE_LOADER = "$(TEST_HOST)";
				CODE_SIGN_STYLE = Automatic;
				CURRENT_PROJECT_VERSION = 1;
				DEVELOPMENT_TEAM = VA3GFWL4H7;
				GENERATE_INFOPLIST_FILE = YES;
				IPHONEOS_DEPLOYMENT_TARGET = 15.5;
				MARKETING_VERSION = 1.0;
				PRODUCT_BUNDLE_IDENTIFIER = QED.DecorativeTests;
				PRODUCT_NAME = "$(TARGET_NAME)";
				SWIFT_EMIT_LOC_STRINGS = NO;
				SWIFT_VERSION = 5.0;
				TARGETED_DEVICE_FAMILY = "1,2";
				TEST_HOST = "$(BUILT_PRODUCTS_DIR)/Decorative.app/Decorative";
			};
			name = Debug;
		};
		A3E8C79F29AD2FD000BFDF8E /* Release */ = {
			isa = XCBuildConfiguration;
			buildSettings = {
				ALWAYS_EMBED_SWIFT_STANDARD_LIBRARIES = YES;
				BUNDLE_LOADER = "$(TEST_HOST)";
				CODE_SIGN_STYLE = Automatic;
				CURRENT_PROJECT_VERSION = 1;
				DEVELOPMENT_TEAM = VA3GFWL4H7;
				GENERATE_INFOPLIST_FILE = YES;
				IPHONEOS_DEPLOYMENT_TARGET = 15.5;
				MARKETING_VERSION = 1.0;
				PRODUCT_BUNDLE_IDENTIFIER = QED.DecorativeTests;
				PRODUCT_NAME = "$(TARGET_NAME)";
				SWIFT_EMIT_LOC_STRINGS = NO;
				SWIFT_VERSION = 5.0;
				TARGETED_DEVICE_FAMILY = "1,2";
				TEST_HOST = "$(BUILT_PRODUCTS_DIR)/Decorative.app/Decorative";
			};
			name = Release;
		};
		A3E8C7A129AD2FD000BFDF8E /* Debug */ = {
			isa = XCBuildConfiguration;
			buildSettings = {
				ALWAYS_EMBED_SWIFT_STANDARD_LIBRARIES = YES;
				CODE_SIGN_STYLE = Automatic;
				CURRENT_PROJECT_VERSION = 1;
				DEVELOPMENT_TEAM = VA3GFWL4H7;
				GENERATE_INFOPLIST_FILE = YES;
				MARKETING_VERSION = 1.0;
				PRODUCT_BUNDLE_IDENTIFIER = QED.DecorativeUITests;
				PRODUCT_NAME = "$(TARGET_NAME)";
				SWIFT_EMIT_LOC_STRINGS = NO;
				SWIFT_VERSION = 5.0;
				TARGETED_DEVICE_FAMILY = "1,2";
				TEST_TARGET_NAME = Decorative;
			};
			name = Debug;
		};
		A3E8C7A229AD2FD000BFDF8E /* Release */ = {
			isa = XCBuildConfiguration;
			buildSettings = {
				ALWAYS_EMBED_SWIFT_STANDARD_LIBRARIES = YES;
				CODE_SIGN_STYLE = Automatic;
				CURRENT_PROJECT_VERSION = 1;
				DEVELOPMENT_TEAM = VA3GFWL4H7;
				GENERATE_INFOPLIST_FILE = YES;
				MARKETING_VERSION = 1.0;
				PRODUCT_BUNDLE_IDENTIFIER = QED.DecorativeUITests;
				PRODUCT_NAME = "$(TARGET_NAME)";
				SWIFT_EMIT_LOC_STRINGS = NO;
				SWIFT_VERSION = 5.0;
				TARGETED_DEVICE_FAMILY = "1,2";
				TEST_TARGET_NAME = Decorative;
			};
			name = Release;
		};
/* End XCBuildConfiguration section */

/* Begin XCConfigurationList section */
		A3E8C77129AD2FCC00BFDF8E /* Build configuration list for PBXProject "Decorative" */ = {
			isa = XCConfigurationList;
			buildConfigurations = (
				A3E8C79829AD2FD000BFDF8E /* Debug */,
				A3E8C79929AD2FD000BFDF8E /* Release */,
			);
			defaultConfigurationIsVisible = 0;
			defaultConfigurationName = Release;
		};
		A3E8C79A29AD2FD000BFDF8E /* Build configuration list for PBXNativeTarget "Decorative" */ = {
			isa = XCConfigurationList;
			buildConfigurations = (
				A3E8C79B29AD2FD000BFDF8E /* Debug */,
				A3E8C79C29AD2FD000BFDF8E /* Release */,
			);
			defaultConfigurationIsVisible = 0;
			defaultConfigurationName = Release;
		};
		A3E8C79D29AD2FD000BFDF8E /* Build configuration list for PBXNativeTarget "DecorativeTests" */ = {
			isa = XCConfigurationList;
			buildConfigurations = (
				A3E8C79E29AD2FD000BFDF8E /* Debug */,
				A3E8C79F29AD2FD000BFDF8E /* Release */,
			);
			defaultConfigurationIsVisible = 0;
			defaultConfigurationName = Release;
		};
		A3E8C7A029AD2FD000BFDF8E /* Build configuration list for PBXNativeTarget "DecorativeUITests" */ = {
			isa = XCConfigurationList;
			buildConfigurations = (
				A3E8C7A129AD2FD000BFDF8E /* Debug */,
				A3E8C7A229AD2FD000BFDF8E /* Release */,
			);
			defaultConfigurationIsVisible = 0;
			defaultConfigurationName = Release;
		};
/* End XCConfigurationList section */
	};
	rootObject = A3E8C76E29AD2FCC00BFDF8E /* Project object */;
}
